
Microsoft Visual Studio Solution File, Format Version 12.00
# Visual Studio 15
VisualStudioVersion = 15.0.28307.852
MinimumVisualStudioVersion = 10.0.40219.1
Project("{FAE04EC0-301F-11D3-BF4B-00C04F79EFBC}") = "MyShop.Core", "MyShop.Core\MyShop.Core.csproj", "{864E25AC-E106-4D00-9552-ACE7EDD1AD92}"
EndProject
Project("{FAE04EC0-301F-11D3-BF4B-00C04F79EFBC}") = "MyShop.Services", "MyShop.Services\MyShop.Services.csproj", "{275AA80E-F3A8-4D3F-9D5B-EB0001949246}"
EndProject
Project("{FAE04EC0-301F-11D3-BF4B-00C04F79EFBC}") = "MyShop.DataAccess.SQL", "MyShop.DataAccess.SQL\MyShop.DataAccess.SQL.csproj", "{6A3CD218-3D10-4525-95AF-7D4125B906D1}"
EndProject
Project("{FAE04EC0-301F-11D3-BF4B-00C04F79EFBC}") = "MyShop.DataAccess.InMemory", "MyShop.DataAccess.InMemory\MyShop.DataAccess.InMemory.csproj", "{CE37AE80-CE59-424C-81D8-A30A2BBE050D}"
EndProject
Project("{FAE04EC0-301F-11D3-BF4B-00C04F79EFBC}") = "MyShop.WebUI", "MyShop.WebUI\MyShop.WebUI.csproj", "{32DFE13A-9541-41F7-9ECA-0ED773641BE5}"
EndProject
Project("{FAE04EC0-301F-11D3-BF4B-00C04F79EFBC}") = "MyShop.WebUI.Tests", "MyShop.WebUI.Tests\MyShop.WebUI.Tests.csproj", "{7EB84C52-2D1E-4BCA-8D5D-4F4F910F1F7A}"
EndProject
Global
	GlobalSection(SolutionConfigurationPlatforms) = preSolution
		Debug|Any CPU = Debug|Any CPU
		Release|Any CPU = Release|Any CPU
	EndGlobalSection
	GlobalSection(ProjectConfigurationPlatforms) = postSolution
		{864E25AC-E106-4D00-9552-ACE7EDD1AD92}.Debug|Any CPU.ActiveCfg = Debug|Any CPU
		{864E25AC-E106-4D00-9552-ACE7EDD1AD92}.Debug|Any CPU.Build.0 = Debug|Any CPU
		{864E25AC-E106-4D00-9552-ACE7EDD1AD92}.Release|Any CPU.ActiveCfg = Release|Any CPU
		{864E25AC-E106-4D00-9552-ACE7EDD1AD92}.Release|Any CPU.Build.0 = Release|Any CPU
		{275AA80E-F3A8-4D3F-9D5B-EB0001949246}.Debug|Any CPU.ActiveCfg = Debug|Any CPU
		{275AA80E-F3A8-4D3F-9D5B-EB0001949246}.Debug|Any CPU.Build.0 = Debug|Any CPU
		{275AA80E-F3A8-4D3F-9D5B-EB0001949246}.Release|Any CPU.ActiveCfg = Release|Any CPU
		{275AA80E-F3A8-4D3F-9D5B-EB0001949246}.Release|Any CPU.Build.0 = Release|Any CPU
		{6A3CD218-3D10-4525-95AF-7D4125B906D1}.Debug|Any CPU.ActiveCfg = Debug|Any CPU
		{6A3CD218-3D10-4525-95AF-7D4125B906D1}.Debug|Any CPU.Build.0 = Debug|Any CPU
		{6A3CD218-3D10-4525-95AF-7D4125B906D1}.Release|Any CPU.ActiveCfg = Release|Any CPU
		{6A3CD218-3D10-4525-95AF-7D4125B906D1}.Release|Any CPU.Build.0 = Release|Any CPU
		{CE37AE80-CE59-424C-81D8-A30A2BBE050D}.Debug|Any CPU.ActiveCfg = Debug|Any CPU
		{CE37AE80-CE59-424C-81D8-A30A2BBE050D}.Debug|Any CPU.Build.0 = Debug|Any CPU
		{CE37AE80-CE59-424C-81D8-A30A2BBE050D}.Release|Any CPU.ActiveCfg = Release|Any CPU
		{CE37AE80-CE59-424C-81D8-A30A2BBE050D}.Release|Any CPU.Build.0 = Release|Any CPU
		{32DFE13A-9541-41F7-9ECA-0ED773641BE5}.Debug|Any CPU.ActiveCfg = Debug|Any CPU
		{32DFE13A-9541-41F7-9ECA-0ED773641BE5}.Debug|Any CPU.Build.0 = Debug|Any CPU
		{32DFE13A-9541-41F7-9ECA-0ED773641BE5}.Release|Any CPU.ActiveCfg = Release|Any CPU
		{32DFE13A-9541-41F7-9ECA-0ED773641BE5}.Release|Any CPU.Build.0 = Release|Any CPU
		{7EB84C52-2D1E-4BCA-8D5D-4F4F910F1F7A}.Debug|Any CPU.ActiveCfg = Debug|Any CPU
		{7EB84C52-2D1E-4BCA-8D5D-4F4F910F1F7A}.Debug|Any CPU.Build.0 = Debug|Any CPU
		{7EB84C52-2D1E-4BCA-8D5D-4F4F910F1F7A}.Release|Any CPU.ActiveCfg = Release|Any CPU
		{7EB84C52-2D1E-4BCA-8D5D-4F4F910F1F7A}.Release|Any CPU.Build.0 = Release|Any CPU
	EndGlobalSection
	GlobalSection(SolutionProperties) = preSolution
		HideSolutionNode = FALSE
	EndGlobalSection
	GlobalSection(ExtensibilityGlobals) = postSolution
		SolutionGuid = {826A798F-C18F-4A2A-A16C-4679BEC7C3A9}
	EndGlobalSection
EndGlobal
